
Microsoft Visual Studio Solution File, Format Version 12.00
# Visual Studio Version 16
VisualStudioVersion = 16.0.32802.440
MinimumVisualStudioVersion = 10.0.40219.1
Project("{FAE04EC0-301F-11D3-BF4B-00C04F79EFBC}") = "FileSystemWatcher_plactice", "FileSystemWatcher_plactice\FileSystemWatcher_plactice.csproj", "{EAE28299-E3E5-45F4-8CA1-46CA2C309AF3}"
EndProject
Global
	GlobalSection(SolutionConfigurationPlatforms) = preSolution
		Debug|Any CPU = Debug|Any CPU
		Release|Any CPU = Release|Any CPU
	EndGlobalSection
	GlobalSection(ProjectConfigurationPlatforms) = postSolution
		{EAE28299-E3E5-45F4-8CA1-46CA2C309AF3}.Debug|Any CPU.ActiveCfg = Debug|Any CPU
		{EAE28299-E3E5-45F4-8CA1-46CA2C309AF3}.Debug|Any CPU.Build.0 = Debug|Any CPU
		{EAE28299-E3E5-45F4-8CA1-46CA2C309AF3}.Release|Any CPU.ActiveCfg = Release|Any CPU
		{EAE28299-E3E5-45F4-8CA1-46CA2C309AF3}.Release|Any CPU.Build.0 = Release|Any CPU
	EndGlobalSection
	GlobalSection(SolutionProperties) = preSolution
		HideSolutionNode = FALSE
	EndGlobalSection
	GlobalSection(ExtensibilityGlobals) = postSolution
		SolutionGuid = {808145A8-C5FC-4567-B6BF-950FBF6667FF}
	EndGlobalSection
EndGlobal
